
Microsoft Visual Studio Solution File, Format Version 12.00
# Visual Studio Version 16
VisualStudioVersion = 16.0.31829.152
MinimumVisualStudioVersion = 10.0.40219.1
Project("{FAE04EC0-301F-11D3-BF4B-00C04F79EFBC}") = "demo_bai_tap_lon", "demo_bai_tap_lon\demo_bai_tap_lon.csproj", "{C30E26BF-4B08-4C7A-B798-D22E2366C656}"
EndProject
Global
	GlobalSection(SolutionConfigurationPlatforms) = preSolution
		Debug|Any CPU = Debug|Any CPU
		Release|Any CPU = Release|Any CPU
	EndGlobalSection
	GlobalSection(ProjectConfigurationPlatforms) = postSolution
		{C30E26BF-4B08-4C7A-B798-D22E2366C656}.Debug|Any CPU.ActiveCfg = Debug|Any CPU
		{C30E26BF-4B08-4C7A-B798-D22E2366C656}.Debug|Any CPU.Build.0 = Debug|Any CPU
		{C30E26BF-4B08-4C7A-B798-D22E2366C656}.Release|Any CPU.ActiveCfg = Release|Any CPU
		{C30E26BF-4B08-4C7A-B798-D22E2366C656}.Release|Any CPU.Build.0 = Release|Any CPU
	EndGlobalSection
	GlobalSection(SolutionProperties) = preSolution
		HideSolutionNode = FALSE
	EndGlobalSection
	GlobalSection(ExtensibilityGlobals) = postSolution
		SolutionGuid = {1A0D0130-9C40-417C-B5E0-7F38C50AE91D}
	EndGlobalSection
EndGlobal
